
Microsoft Visual Studio Solution File, Format Version 12.00
# Visual Studio Version 16
VisualStudioVersion = 16.0.30621.155
MinimumVisualStudioVersion = 10.0.40219.1
Project("{FAE04EC0-301F-11D3-BF4B-00C04F79EFBC}") = "sl_test_2021_uge4", "sl_test_2021_uge4\sl_test_2021_uge4.csproj", "{465D6A44-3ACC-42A8-BC44-2B0D5F2D0F42}"
EndProject
Project("{FAE04EC0-301F-11D3-BF4B-00C04F79EFBC}") = "XUnitTestProject1", "XUnitTestProject1\XUnitTestProject1.csproj", "{63A2E80D-F447-438D-9AD9-A59087D3A272}"
EndProject
Global
	GlobalSection(SolutionConfigurationPlatforms) = preSolution
		Debug|Any CPU = Debug|Any CPU
		Release|Any CPU = Release|Any CPU
	EndGlobalSection
	GlobalSection(ProjectConfigurationPlatforms) = postSolution
		{465D6A44-3ACC-42A8-BC44-2B0D5F2D0F42}.Debug|Any CPU.ActiveCfg = Debug|Any CPU
		{465D6A44-3ACC-42A8-BC44-2B0D5F2D0F42}.Debug|Any CPU.Build.0 = Debug|Any CPU
		{465D6A44-3ACC-42A8-BC44-2B0D5F2D0F42}.Release|Any CPU.ActiveCfg = Release|Any CPU
		{465D6A44-3ACC-42A8-BC44-2B0D5F2D0F42}.Release|Any CPU.Build.0 = Release|Any CPU
		{63A2E80D-F447-438D-9AD9-A59087D3A272}.Debug|Any CPU.ActiveCfg = Debug|Any CPU
		{63A2E80D-F447-438D-9AD9-A59087D3A272}.Debug|Any CPU.Build.0 = Debug|Any CPU
		{63A2E80D-F447-438D-9AD9-A59087D3A272}.Release|Any CPU.ActiveCfg = Release|Any CPU
		{63A2E80D-F447-438D-9AD9-A59087D3A272}.Release|Any CPU.Build.0 = Release|Any CPU
	EndGlobalSection
	GlobalSection(SolutionProperties) = preSolution
		HideSolutionNode = FALSE
	EndGlobalSection
	GlobalSection(ExtensibilityGlobals) = postSolution
		SolutionGuid = {CC44A68D-3229-4E4B-8AF1-1F2146BD388A}
	EndGlobalSection
EndGlobal
